
Microsoft Visual Studio Solution File, Format Version 12.00
# Visual Studio Version 17
VisualStudioVersion = 17.0.31717.71
MinimumVisualStudioVersion = 10.0.40219.1
Project("{FAE04EC0-301F-11D3-BF4B-00C04F79EFBC}") = "NorthshoreUtilityScannedImages", "server\Northshore.csproj", "{61B41944-A77D-4DD2-8FAE-33308961681A}"
EndProject
Project("{9092AA53-FB77-4645-B42D-1CCCA6BD08BD}") = "NorthshoreUtilityScannedImagesClient", "client\NorthshoreUtilityScannedImagesClient.njsproj", "{1ECE607B-353A-4705-8B26-990CBFF79C25}"
EndProject
Global
	GlobalSection(SolutionConfigurationPlatforms) = preSolution
		Debug|Any CPU = Debug|Any CPU
		Release|Any CPU = Release|Any CPU
	EndGlobalSection
	GlobalSection(ProjectConfigurationPlatforms) = postSolution
		{61B41944-A77D-4DD2-8FAE-33308961681A}.Debug|Any CPU.ActiveCfg = Debug|Any CPU
		{61B41944-A77D-4DD2-8FAE-33308961681A}.Debug|Any CPU.Build.0 = Debug|Any CPU
		{61B41944-A77D-4DD2-8FAE-33308961681A}.Release|Any CPU.ActiveCfg = Release|Any CPU
		{61B41944-A77D-4DD2-8FAE-33308961681A}.Release|Any CPU.Build.0 = Release|Any CPU
		{1ECE607B-353A-4705-8B26-990CBFF79C25}.Debug|Any CPU.ActiveCfg = Debug|Any CPU
		{1ECE607B-353A-4705-8B26-990CBFF79C25}.Debug|Any CPU.Build.0 = Debug|Any CPU
		{1ECE607B-353A-4705-8B26-990CBFF79C25}.Release|Any CPU.ActiveCfg = Release|Any CPU
		{1ECE607B-353A-4705-8B26-990CBFF79C25}.Release|Any CPU.Build.0 = Release|Any CPU
	EndGlobalSection
	GlobalSection(SolutionProperties) = preSolution
		HideSolutionNode = FALSE
	EndGlobalSection
	GlobalSection(ExtensibilityGlobals) = postSolution
		SolutionGuid = {7E00C8C5-D3D4-486D-AA58-98BBE8D66611}
	EndGlobalSection
EndGlobal
